
Microsoft Visual Studio Solution File, Format Version 12.00
# Visual Studio Version 17
VisualStudioVersion = 17.3.32901.215
MinimumVisualStudioVersion = 10.0.40219.1
Project("{FAE04EC0-301F-11D3-BF4B-00C04F79EFBC}") = "irfzhgyak6", "irfzhgyak6\irfzhgyak6.csproj", "{2F511C27-79BA-46D3-8A68-E6A4E7B69F67}"
EndProject
Global
	GlobalSection(SolutionConfigurationPlatforms) = preSolution
		Debug|Any CPU = Debug|Any CPU
		Release|Any CPU = Release|Any CPU
	EndGlobalSection
	GlobalSection(ProjectConfigurationPlatforms) = postSolution
		{2F511C27-79BA-46D3-8A68-E6A4E7B69F67}.Debug|Any CPU.ActiveCfg = Debug|Any CPU
		{2F511C27-79BA-46D3-8A68-E6A4E7B69F67}.Debug|Any CPU.Build.0 = Debug|Any CPU
		{2F511C27-79BA-46D3-8A68-E6A4E7B69F67}.Release|Any CPU.ActiveCfg = Release|Any CPU
		{2F511C27-79BA-46D3-8A68-E6A4E7B69F67}.Release|Any CPU.Build.0 = Release|Any CPU
	EndGlobalSection
	GlobalSection(SolutionProperties) = preSolution
		HideSolutionNode = FALSE
	EndGlobalSection
	GlobalSection(ExtensibilityGlobals) = postSolution
		SolutionGuid = {65A46808-4683-40C0-AA57-C2910EAEF467}
	EndGlobalSection
EndGlobal
