
Microsoft Visual Studio Solution File, Format Version 12.00
# Visual Studio Version 17
VisualStudioVersion = 17.3.32901.215
MinimumVisualStudioVersion = 10.0.40219.1
Project("{FAE04EC0-301F-11D3-BF4B-00C04F79EFBC}") = "UserMaintenance", "UserMaintenance\UserMaintenance.csproj", "{D64D4E5D-F3CA-4789-8576-DD050E5F4BCB}"
EndProject
Global
	GlobalSection(SolutionConfigurationPlatforms) = preSolution
		Debug|Any CPU = Debug|Any CPU
		Release|Any CPU = Release|Any CPU
	EndGlobalSection
	GlobalSection(ProjectConfigurationPlatforms) = postSolution
		{D64D4E5D-F3CA-4789-8576-DD050E5F4BCB}.Debug|Any CPU.ActiveCfg = Debug|Any CPU
		{D64D4E5D-F3CA-4789-8576-DD050E5F4BCB}.Debug|Any CPU.Build.0 = Debug|Any CPU
		{D64D4E5D-F3CA-4789-8576-DD050E5F4BCB}.Release|Any CPU.ActiveCfg = Release|Any CPU
		{D64D4E5D-F3CA-4789-8576-DD050E5F4BCB}.Release|Any CPU.Build.0 = Release|Any CPU
	EndGlobalSection
	GlobalSection(SolutionProperties) = preSolution
		HideSolutionNode = FALSE
	EndGlobalSection
	GlobalSection(ExtensibilityGlobals) = postSolution
		SolutionGuid = {910929B0-3125-4AE7-BB42-B59EB1B33A98}
	EndGlobalSection
EndGlobal
